
Microsoft Visual Studio Solution File, Format Version 12.00
# Visual Studio 15
VisualStudioVersion = 15.0.27004.2002
MinimumVisualStudioVersion = 10.0.40219.1
Project("{FAE04EC0-301F-11D3-BF4B-00C04F79EFBC}") = "DayOne", "DayOne\DayOne.csproj", "{D071C87E-86DC-4CDA-A005-377C680723C1}"
EndProject
Project("{FAE04EC0-301F-11D3-BF4B-00C04F79EFBC}") = "DayTwo", "DayTwo\DayTwo.csproj", "{68409617-64C0-40E2-AE75-FF72EF45E28F}"
EndProject
Global
	GlobalSection(SolutionConfigurationPlatforms) = preSolution
		Debug|Any CPU = Debug|Any CPU
		Release|Any CPU = Release|Any CPU
	EndGlobalSection
	GlobalSection(ProjectConfigurationPlatforms) = postSolution
		{D071C87E-86DC-4CDA-A005-377C680723C1}.Debug|Any CPU.ActiveCfg = Debug|Any CPU
		{D071C87E-86DC-4CDA-A005-377C680723C1}.Debug|Any CPU.Build.0 = Debug|Any CPU
		{D071C87E-86DC-4CDA-A005-377C680723C1}.Release|Any CPU.ActiveCfg = Release|Any CPU
		{D071C87E-86DC-4CDA-A005-377C680723C1}.Release|Any CPU.Build.0 = Release|Any CPU
		{68409617-64C0-40E2-AE75-FF72EF45E28F}.Debug|Any CPU.ActiveCfg = Debug|Any CPU
		{68409617-64C0-40E2-AE75-FF72EF45E28F}.Debug|Any CPU.Build.0 = Debug|Any CPU
		{68409617-64C0-40E2-AE75-FF72EF45E28F}.Release|Any CPU.ActiveCfg = Release|Any CPU
		{68409617-64C0-40E2-AE75-FF72EF45E28F}.Release|Any CPU.Build.0 = Release|Any CPU
	EndGlobalSection
	GlobalSection(SolutionProperties) = preSolution
		HideSolutionNode = FALSE
	EndGlobalSection
	GlobalSection(ExtensibilityGlobals) = postSolution
		SolutionGuid = {395866D7-36DF-4789-9210-D6233628C40E}
	EndGlobalSection
EndGlobal
